{
  "pins" : [
    {
      "identity" : "swiftformat",
      "kind" : "remoteSourceControl",
      "location" : "https://github.com/nicklockwood/SwiftFormat",
      "state" : {
        "revision" : "dfa38a7335720da1df3ea75f75460d89e61550ec",
        "version" : "0.52.6"
      }
    }
  ],
  "version" : 2
}
