// !$*UTF8*$!
{
	archiveVersion = 1;
	classes = {
	};
	objectVersion = 56;
	objects = {

/* Begin PBXBuildFile section */
		B720CC0C2A6BC9290047E3FD /* OnboardPreviewApp.swift in Sources */ = {isa = PBXBuildFile; fileRef = B720CC0B2A6BC9290047E3FD /* OnboardPreviewApp.swift */; };
		B720CC102A6BC92A0047E3FD /* Assets.xcassets in Resources */ = {isa = PBXBuildFile; fileRef = B720CC0F2A6BC92A0047E3FD /* Assets.xcassets */; };
		B720CC132A6BC92A0047E3FD /* Preview Assets.xcassets in Resources */ = {isa = PBXBuildFile; fileRef = B720CC122A6BC92A0047E3FD /* Preview Assets.xcassets */; };
		B720CC192A6BC9320047E3FD /* OnboardFeature in Frameworks */ = {isa = PBXBuildFile; productRef = B720CC182A6BC9320047E3FD /* OnboardFeature */; };
		B720CC212A6BEE590047E3FD /* InboxPreviewApp.swift in Sources */ = {isa = PBXBuildFile; fileRef = B720CC202A6BEE590047E3FD /* InboxPreviewApp.swift */; };
		B720CC252A6BEE5A0047E3FD /* Assets.xcassets in Resources */ = {isa = PBXBuildFile; fileRef = B720CC242A6BEE5A0047E3FD /* Assets.xcassets */; };
		B720CC282A6BEE5A0047E3FD /* Preview Assets.xcassets in Resources */ = {isa = PBXBuildFile; fileRef = B720CC272A6BEE5A0047E3FD /* Preview Assets.xcassets */; };
		B720CC2D2A6BEE610047E3FD /* InboxFeature in Frameworks */ = {isa = PBXBuildFile; productRef = B720CC2C2A6BEE610047E3FD /* InboxFeature */; };
		B74AA56E2A729C070001B612 /* GodPreviewApp.swift in Sources */ = {isa = PBXBuildFile; fileRef = B74AA56D2A729C070001B612 /* GodPreviewApp.swift */; };
		B74AA5722A729C080001B612 /* Assets.xcassets in Resources */ = {isa = PBXBuildFile; fileRef = B74AA5712A729C080001B612 /* Assets.xcassets */; };
		B74AA5752A729C080001B612 /* Preview Assets.xcassets in Resources */ = {isa = PBXBuildFile; fileRef = B74AA5742A729C080001B612 /* Preview Assets.xcassets */; };
		B74AA57A2A729C200001B612 /* GodFeature in Frameworks */ = {isa = PBXBuildFile; productRef = B74AA5792A729C200001B612 /* GodFeature */; };
/* End PBXBuildFile section */

/* Begin PBXFileReference section */
		B720CC092A6BC9290047E3FD /* OnboardPreviewApp.app */ = {isa = PBXFileReference; explicitFileType = wrapper.application; includeInIndex = 0; path = OnboardPreviewApp.app; sourceTree = BUILT_PRODUCTS_DIR; };
		B720CC0B2A6BC9290047E3FD /* OnboardPreviewApp.swift */ = {isa = PBXFileReference; lastKnownFileType = sourcecode.swift; path = OnboardPreviewApp.swift; sourceTree = "<group>"; };
		B720CC0F2A6BC92A0047E3FD /* Assets.xcassets */ = {isa = PBXFileReference; lastKnownFileType = folder.assetcatalog; path = Assets.xcassets; sourceTree = "<group>"; };
		B720CC122A6BC92A0047E3FD /* Preview Assets.xcassets */ = {isa = PBXFileReference; lastKnownFileType = folder.assetcatalog; path = "Preview Assets.xcassets"; sourceTree = "<group>"; };
		B720CC1E2A6BEE590047E3FD /* InboxPreviewApp.app */ = {isa = PBXFileReference; explicitFileType = wrapper.application; includeInIndex = 0; path = InboxPreviewApp.app; sourceTree = BUILT_PRODUCTS_DIR; };
		B720CC202A6BEE590047E3FD /* InboxPreviewApp.swift */ = {isa = PBXFileReference; lastKnownFileType = sourcecode.swift; path = InboxPreviewApp.swift; sourceTree = "<group>"; };
		B720CC242A6BEE5A0047E3FD /* Assets.xcassets */ = {isa = PBXFileReference; lastKnownFileType = folder.assetcatalog; path = Assets.xcassets; sourceTree = "<group>"; };
		B720CC272A6BEE5A0047E3FD /* Preview Assets.xcassets */ = {isa = PBXFileReference; lastKnownFileType = folder.assetcatalog; path = "Preview Assets.xcassets"; sourceTree = "<group>"; };
		B74AA56B2A729C070001B612 /* GodPreviewApp.app */ = {isa = PBXFileReference; explicitFileType = wrapper.application; includeInIndex = 0; path = GodPreviewApp.app; sourceTree = BUILT_PRODUCTS_DIR; };
		B74AA56D2A729C070001B612 /* GodPreviewApp.swift */ = {isa = PBXFileReference; lastKnownFileType = sourcecode.swift; path = GodPreviewApp.swift; sourceTree = "<group>"; };
		B74AA5712A729C080001B612 /* Assets.xcassets */ = {isa = PBXFileReference; lastKnownFileType = folder.assetcatalog; path = Assets.xcassets; sourceTree = "<group>"; };
		B74AA5742A729C080001B612 /* Preview Assets.xcassets */ = {isa = PBXFileReference; lastKnownFileType = folder.assetcatalog; path = "Preview Assets.xcassets"; sourceTree = "<group>"; };
/* End PBXFileReference section */

/* Begin PBXFrameworksBuildPhase section */
		B720CC062A6BC9290047E3FD /* Frameworks */ = {
			isa = PBXFrameworksBuildPhase;
			buildActionMask = 2147483647;
			files = (
				B720CC192A6BC9320047E3FD /* OnboardFeature in Frameworks */,
			);
			runOnlyForDeploymentPostprocessing = 0;
		};
		B720CC1B2A6BEE590047E3FD /* Frameworks */ = {
			isa = PBXFrameworksBuildPhase;
			buildActionMask = 2147483647;
			files = (
				B720CC2D2A6BEE610047E3FD /* InboxFeature in Frameworks */,
			);
			runOnlyForDeploymentPostprocessing = 0;
		};
		B74AA5682A729C070001B612 /* Frameworks */ = {
			isa = PBXFrameworksBuildPhase;
			buildActionMask = 2147483647;
			files = (
				B74AA57A2A729C200001B612 /* GodFeature in Frameworks */,
			);
			runOnlyForDeploymentPostprocessing = 0;
		};
/* End PBXFrameworksBuildPhase section */

/* Begin PBXGroup section */
		B720CC0A2A6BC9290047E3FD /* OnboardPreviewApp */ = {
			isa = PBXGroup;
			children = (
				B720CC0B2A6BC9290047E3FD /* OnboardPreviewApp.swift */,
				B720CC0F2A6BC92A0047E3FD /* Assets.xcassets */,
				B720CC112A6BC92A0047E3FD /* Preview Content */,
			);
			path = OnboardPreviewApp;
			sourceTree = "<group>";
		};
		B720CC112A6BC92A0047E3FD /* Preview Content */ = {
			isa = PBXGroup;
			children = (
				B720CC122A6BC92A0047E3FD /* Preview Assets.xcassets */,
			);
			path = "Preview Content";
			sourceTree = "<group>";
		};
		B720CC172A6BC9320047E3FD /* Frameworks */ = {
			isa = PBXGroup;
			children = (
			);
			name = Frameworks;
			sourceTree = "<group>";
		};
		B720CC1F2A6BEE590047E3FD /* InboxPreviewApp */ = {
			isa = PBXGroup;
			children = (
				B720CC202A6BEE590047E3FD /* InboxPreviewApp.swift */,
				B720CC242A6BEE5A0047E3FD /* Assets.xcassets */,
				B720CC262A6BEE5A0047E3FD /* Preview Content */,
			);
			path = InboxPreviewApp;
			sourceTree = "<group>";
		};
		B720CC262A6BEE5A0047E3FD /* Preview Content */ = {
			isa = PBXGroup;
			children = (
				B720CC272A6BEE5A0047E3FD /* Preview Assets.xcassets */,
			);
			path = "Preview Content";
			sourceTree = "<group>";
		};
		B74AA56C2A729C070001B612 /* GodPreviewApp */ = {
			isa = PBXGroup;
			children = (
				B74AA56D2A729C070001B612 /* GodPreviewApp.swift */,
				B74AA5712A729C080001B612 /* Assets.xcassets */,
				B74AA5732A729C080001B612 /* Preview Content */,
			);
			path = GodPreviewApp;
			sourceTree = "<group>";
		};
		B74AA5732A729C080001B612 /* Preview Content */ = {
			isa = PBXGroup;
			children = (
				B74AA5742A729C080001B612 /* Preview Assets.xcassets */,
			);
			path = "Preview Content";
			sourceTree = "<group>";
		};
		B7BFE5702A27C78100D1CE6F = {
			isa = PBXGroup;
			children = (
				B720CC0A2A6BC9290047E3FD /* OnboardPreviewApp */,
				B720CC1F2A6BEE590047E3FD /* InboxPreviewApp */,
				B74AA56C2A729C070001B612 /* GodPreviewApp */,
				B7BFE57A2A27C78100D1CE6F /* Products */,
				B720CC172A6BC9320047E3FD /* Frameworks */,
			);
			sourceTree = "<group>";
		};
		B7BFE57A2A27C78100D1CE6F /* Products */ = {
			isa = PBXGroup;
			children = (
				B720CC092A6BC9290047E3FD /* OnboardPreviewApp.app */,
				B720CC1E2A6BEE590047E3FD /* InboxPreviewApp.app */,
				B74AA56B2A729C070001B612 /* GodPreviewApp.app */,
			);
			name = Products;
			sourceTree = "<group>";
		};
/* End PBXGroup section */

/* Begin PBXNativeTarget section */
		B720CC082A6BC9290047E3FD /* OnboardPreviewApp */ = {
			isa = PBXNativeTarget;
			buildConfigurationList = B720CC162A6BC92A0047E3FD /* Build configuration list for PBXNativeTarget "OnboardPreviewApp" */;
			buildPhases = (
				B720CC052A6BC9290047E3FD /* Sources */,
				B720CC062A6BC9290047E3FD /* Frameworks */,
				B720CC072A6BC9290047E3FD /* Resources */,
			);
			buildRules = (
			);
			dependencies = (
			);
			name = OnboardPreviewApp;
			packageProductDependencies = (
				B720CC182A6BC9320047E3FD /* OnboardFeature */,
			);
			productName = OnboardPreviewApp;
			productReference = B720CC092A6BC9290047E3FD /* OnboardPreviewApp.app */;
			productType = "com.apple.product-type.application";
		};
		B720CC1D2A6BEE590047E3FD /* InboxPreviewApp */ = {
			isa = PBXNativeTarget;
			buildConfigurationList = B720CC2B2A6BEE5A0047E3FD /* Build configuration list for PBXNativeTarget "InboxPreviewApp" */;
			buildPhases = (
				B720CC1A2A6BEE590047E3FD /* Sources */,
				B720CC1B2A6BEE590047E3FD /* Frameworks */,
				B720CC1C2A6BEE590047E3FD /* Resources */,
			);
			buildRules = (
			);
			dependencies = (
			);
			name = InboxPreviewApp;
			packageProductDependencies = (
				B720CC2C2A6BEE610047E3FD /* InboxFeature */,
			);
			productName = InboxPreviewApp;
			productReference = B720CC1E2A6BEE590047E3FD /* InboxPreviewApp.app */;
			productType = "com.apple.product-type.application";
		};
		B74AA56A2A729C070001B612 /* GodPreviewApp */ = {
			isa = PBXNativeTarget;
			buildConfigurationList = B74AA5782A729C080001B612 /* Build configuration list for PBXNativeTarget "GodPreviewApp" */;
			buildPhases = (
				B74AA5672A729C070001B612 /* Sources */,
				B74AA5682A729C070001B612 /* Frameworks */,
				B74AA5692A729C070001B612 /* Resources */,
			);
			buildRules = (
			);
			dependencies = (
			);
			name = GodPreviewApp;
			packageProductDependencies = (
				B74AA5792A729C200001B612 /* GodFeature */,
			);
			productName = GodPreviewApp;
			productReference = B74AA56B2A729C070001B612 /* GodPreviewApp.app */;
			productType = "com.apple.product-type.application";
		};
/* End PBXNativeTarget section */

/* Begin PBXProject section */
		B7BFE5712A27C78100D1CE6F /* Project object */ = {
			isa = PBXProject;
			attributes = {
				BuildIndependentTargetsInParallel = 1;
				LastSwiftUpdateCheck = 1430;
				LastUpgradeCheck = 1430;
				TargetAttributes = {
					B720CC082A6BC9290047E3FD = {
						CreatedOnToolsVersion = 14.3.1;
					};
					B720CC1D2A6BEE590047E3FD = {
						CreatedOnToolsVersion = 14.3.1;
					};
					B74AA56A2A729C070001B612 = {
						CreatedOnToolsVersion = 14.3.1;
					};
				};
			};
			buildConfigurationList = B7BFE5742A27C78100D1CE6F /* Build configuration list for PBXProject "PreviewApp" */;
			compatibilityVersion = "Xcode 14.0";
			developmentRegion = en;
			hasScannedForEncodings = 0;
			knownRegions = (
				en,
				Base,
			);
			mainGroup = B7BFE5702A27C78100D1CE6F;
			productRefGroup = B7BFE57A2A27C78100D1CE6F /* Products */;
			projectDirPath = "";
			projectRoot = "";
			targets = (
				B720CC082A6BC9290047E3FD /* OnboardPreviewApp */,
				B720CC1D2A6BEE590047E3FD /* InboxPreviewApp */,
				B74AA56A2A729C070001B612 /* GodPreviewApp */,
			);
		};
/* End PBXProject section */

/* Begin PBXResourcesBuildPhase section */
		B720CC072A6BC9290047E3FD /* Resources */ = {
			isa = PBXResourcesBuildPhase;
			buildActionMask = 2147483647;
			files = (
				B720CC132A6BC92A0047E3FD /* Preview Assets.xcassets in Resources */,
				B720CC102A6BC92A0047E3FD /* Assets.xcassets in Resources */,
			);
			runOnlyForDeploymentPostprocessing = 0;
		};
		B720CC1C2A6BEE590047E3FD /* Resources */ = {
			isa = PBXResourcesBuildPhase;
			buildActionMask = 2147483647;
			files = (
				B720CC282A6BEE5A0047E3FD /* Preview Assets.xcassets in Resources */,
				B720CC252A6BEE5A0047E3FD /* Assets.xcassets in Resources */,
			);
			runOnlyForDeploymentPostprocessing = 0;
		};
		B74AA5692A729C070001B612 /* Resources */ = {
			isa = PBXResourcesBuildPhase;
			buildActionMask = 2147483647;
			files = (
				B74AA5752A729C080001B612 /* Preview Assets.xcassets in Resources */,
				B74AA5722A729C080001B612 /* Assets.xcassets in Resources */,
			);
			runOnlyForDeploymentPostprocessing = 0;
		};
/* End PBXResourcesBuildPhase section */

/* Begin PBXSourcesBuildPhase section */
		B720CC052A6BC9290047E3FD /* Sources */ = {
			isa = PBXSourcesBuildPhase;
			buildActionMask = 2147483647;
			files = (
				B720CC0C2A6BC9290047E3FD /* OnboardPreviewApp.swift in Sources */,
			);
			runOnlyForDeploymentPostprocessing = 0;
		};
		B720CC1A2A6BEE590047E3FD /* Sources */ = {
			isa = PBXSourcesBuildPhase;
			buildActionMask = 2147483647;
			files = (
				B720CC212A6BEE590047E3FD /* InboxPreviewApp.swift in Sources */,
			);
			runOnlyForDeploymentPostprocessing = 0;
		};
		B74AA5672A729C070001B612 /* Sources */ = {
			isa = PBXSourcesBuildPhase;
			buildActionMask = 2147483647;
			files = (
				B74AA56E2A729C070001B612 /* GodPreviewApp.swift in Sources */,
			);
			runOnlyForDeploymentPostprocessing = 0;
		};
/* End PBXSourcesBuildPhase section */

/* Begin XCBuildConfiguration section */
		B720CC142A6BC92A0047E3FD /* Debug */ = {
			isa = XCBuildConfiguration;
			buildSettings = {
				ASSETCATALOG_COMPILER_APPICON_NAME = AppIcon;
				ASSETCATALOG_COMPILER_GLOBAL_ACCENT_COLOR_NAME = AccentColor;
				CODE_SIGN_STYLE = Automatic;
				CURRENT_PROJECT_VERSION = 1;
				DEVELOPMENT_ASSET_PATHS = "\"OnboardPreviewApp/Preview Content\"";
				ENABLE_PREVIEWS = YES;
				GENERATE_INFOPLIST_FILE = YES;
				INFOPLIST_KEY_UIApplicationSceneManifest_Generation = YES;
				INFOPLIST_KEY_UIApplicationSupportsIndirectInputEvents = YES;
				INFOPLIST_KEY_UILaunchScreen_Generation = YES;
				INFOPLIST_KEY_UISupportedInterfaceOrientations_iPad = "UIInterfaceOrientationPortrait UIInterfaceOrientationPortraitUpsideDown UIInterfaceOrientationLandscapeLeft UIInterfaceOrientationLandscapeRight";
				INFOPLIST_KEY_UISupportedInterfaceOrientations_iPhone = "UIInterfaceOrientationPortrait UIInterfaceOrientationLandscapeLeft UIInterfaceOrientationLandscapeRight";
				LD_RUNPATH_SEARCH_PATHS = (
					"$(inherited)",
					"@executable_path/Frameworks",
				);
				MARKETING_VERSION = 1.0;
				PRODUCT_BUNDLE_IDENTIFIER = jp.godapp.app.ios.OnboardPreviewApp;
				PRODUCT_NAME = "$(TARGET_NAME)";
				SWIFT_EMIT_LOC_STRINGS = YES;
				SWIFT_VERSION = 5.0;
				TARGETED_DEVICE_FAMILY = "1,2";
			};
			name = Debug;
		};
		B720CC152A6BC92A0047E3FD /* Release */ = {
			isa = XCBuildConfiguration;
			buildSettings = {
				ASSETCATALOG_COMPILER_APPICON_NAME = AppIcon;
				ASSETCATALOG_COMPILER_GLOBAL_ACCENT_COLOR_NAME = AccentColor;
				CODE_SIGN_STYLE = Automatic;
				CURRENT_PROJECT_VERSION = 1;
				DEVELOPMENT_ASSET_PATHS = "\"OnboardPreviewApp/Preview Content\"";
				ENABLE_PREVIEWS = YES;
				GENERATE_INFOPLIST_FILE = YES;
				INFOPLIST_KEY_UIApplicationSceneManifest_Generation = YES;
				INFOPLIST_KEY_UIApplicationSupportsIndirectInputEvents = YES;
				INFOPLIST_KEY_UILaunchScreen_Generation = YES;
				INFOPLIST_KEY_UISupportedInterfaceOrientations_iPad = "UIInterfaceOrientationPortrait UIInterfaceOrientationPortraitUpsideDown UIInterfaceOrientationLandscapeLeft UIInterfaceOrientationLandscapeRight";
				INFOPLIST_KEY_UISupportedInterfaceOrientations_iPhone = "UIInterfaceOrientationPortrait UIInterfaceOrientationLandscapeLeft UIInterfaceOrientationLandscapeRight";
				LD_RUNPATH_SEARCH_PATHS = (
					"$(inherited)",
					"@executable_path/Frameworks",
				);
				MARKETING_VERSION = 1.0;
				PRODUCT_BUNDLE_IDENTIFIER = jp.godapp.app.ios.OnboardPreviewApp;
				PRODUCT_NAME = "$(TARGET_NAME)";
				SWIFT_EMIT_LOC_STRINGS = YES;
				SWIFT_VERSION = 5.0;
				TARGETED_DEVICE_FAMILY = "1,2";
			};
			name = Release;
		};
		B720CC292A6BEE5A0047E3FD /* Debug */ = {
			isa = XCBuildConfiguration;
			buildSettings = {
				ASSETCATALOG_COMPILER_APPICON_NAME = AppIcon;
				ASSETCATALOG_COMPILER_GLOBAL_ACCENT_COLOR_NAME = AccentColor;
				CODE_SIGN_STYLE = Automatic;
				CURRENT_PROJECT_VERSION = 1;
				DEVELOPMENT_ASSET_PATHS = "\"InboxPreviewApp/Preview Content\"";
				ENABLE_PREVIEWS = YES;
				GENERATE_INFOPLIST_FILE = YES;
				INFOPLIST_KEY_UIApplicationSceneManifest_Generation = YES;
				INFOPLIST_KEY_UIApplicationSupportsIndirectInputEvents = YES;
				INFOPLIST_KEY_UILaunchScreen_Generation = YES;
				INFOPLIST_KEY_UISupportedInterfaceOrientations_iPad = "UIInterfaceOrientationPortrait UIInterfaceOrientationPortraitUpsideDown UIInterfaceOrientationLandscapeLeft UIInterfaceOrientationLandscapeRight";
				INFOPLIST_KEY_UISupportedInterfaceOrientations_iPhone = "UIInterfaceOrientationPortrait UIInterfaceOrientationLandscapeLeft UIInterfaceOrientationLandscapeRight";
				LD_RUNPATH_SEARCH_PATHS = (
					"$(inherited)",
					"@executable_path/Frameworks",
				);
				MARKETING_VERSION = 1.0;
				PRODUCT_BUNDLE_IDENTIFIER = jp.godapp.app.ios.InboxPreviewApp;
				PRODUCT_NAME = "$(TARGET_NAME)";
				SWIFT_EMIT_LOC_STRINGS = YES;
				SWIFT_VERSION = 5.0;
				TARGETED_DEVICE_FAMILY = "1,2";
			};
			name = Debug;
		};
		B720CC2A2A6BEE5A0047E3FD /* Release */ = {
			isa = XCBuildConfiguration;
			buildSettings = {
				ASSETCATALOG_COMPILER_APPICON_NAME = AppIcon;
				ASSETCATALOG_COMPILER_GLOBAL_ACCENT_COLOR_NAME = AccentColor;
				CODE_SIGN_STYLE = Automatic;
				CURRENT_PROJECT_VERSION = 1;
				DEVELOPMENT_ASSET_PATHS = "\"InboxPreviewApp/Preview Content\"";
				ENABLE_PREVIEWS = YES;
				GENERATE_INFOPLIST_FILE = YES;
				INFOPLIST_KEY_UIApplicationSceneManifest_Generation = YES;
				INFOPLIST_KEY_UIApplicationSupportsIndirectInputEvents = YES;
				INFOPLIST_KEY_UILaunchScreen_Generation = YES;
				INFOPLIST_KEY_UISupportedInterfaceOrientations_iPad = "UIInterfaceOrientationPortrait UIInterfaceOrientationPortraitUpsideDown UIInterfaceOrientationLandscapeLeft UIInterfaceOrientationLandscapeRight";
				INFOPLIST_KEY_UISupportedInterfaceOrientations_iPhone = "UIInterfaceOrientationPortrait UIInterfaceOrientationLandscapeLeft UIInterfaceOrientationLandscapeRight";
				LD_RUNPATH_SEARCH_PATHS = (
					"$(inherited)",
					"@executable_path/Frameworks",
				);
				MARKETING_VERSION = 1.0;
				PRODUCT_BUNDLE_IDENTIFIER = jp.godapp.app.ios.InboxPreviewApp;
				PRODUCT_NAME = "$(TARGET_NAME)";
				SWIFT_EMIT_LOC_STRINGS = YES;
				SWIFT_VERSION = 5.0;
				TARGETED_DEVICE_FAMILY = "1,2";
			};
			name = Release;
		};
		B74AA5762A729C080001B612 /* Debug */ = {
			isa = XCBuildConfiguration;
			buildSettings = {
				ASSETCATALOG_COMPILER_APPICON_NAME = AppIcon;
				ASSETCATALOG_COMPILER_GLOBAL_ACCENT_COLOR_NAME = AccentColor;
				CODE_SIGN_STYLE = Automatic;
				CURRENT_PROJECT_VERSION = 1;
				DEVELOPMENT_ASSET_PATHS = "\"GodPreviewApp/Preview Content\"";
				ENABLE_PREVIEWS = YES;
				GENERATE_INFOPLIST_FILE = YES;
				INFOPLIST_KEY_UIApplicationSceneManifest_Generation = YES;
				INFOPLIST_KEY_UIApplicationSupportsIndirectInputEvents = YES;
				INFOPLIST_KEY_UILaunchScreen_Generation = YES;
				INFOPLIST_KEY_UISupportedInterfaceOrientations_iPad = "UIInterfaceOrientationPortrait UIInterfaceOrientationPortraitUpsideDown UIInterfaceOrientationLandscapeLeft UIInterfaceOrientationLandscapeRight";
				INFOPLIST_KEY_UISupportedInterfaceOrientations_iPhone = "UIInterfaceOrientationPortrait UIInterfaceOrientationLandscapeLeft UIInterfaceOrientationLandscapeRight";
				LD_RUNPATH_SEARCH_PATHS = (
					"$(inherited)",
					"@executable_path/Frameworks",
				);
				MARKETING_VERSION = 1.0;
				PRODUCT_BUNDLE_IDENTIFIER = com.tomokisun.GodPreviewApp;
				PRODUCT_NAME = "$(TARGET_NAME)";
				SWIFT_EMIT_LOC_STRINGS = YES;
				SWIFT_VERSION = 5.0;
				TARGETED_DEVICE_FAMILY = "1,2";
			};
			name = Debug;
		};
		B74AA5772A729C080001B612 /* Release */ = {
			isa = XCBuildConfiguration;
			buildSettings = {
				ASSETCATALOG_COMPILER_APPICON_NAME = AppIcon;
				ASSETCATALOG_COMPILER_GLOBAL_ACCENT_COLOR_NAME = AccentColor;
				CODE_SIGN_STYLE = Automatic;
				CURRENT_PROJECT_VERSION = 1;
				DEVELOPMENT_ASSET_PATHS = "\"GodPreviewApp/Preview Content\"";
				ENABLE_PREVIEWS = YES;
				GENERATE_INFOPLIST_FILE = YES;
				INFOPLIST_KEY_UIApplicationSceneManifest_Generation = YES;
				INFOPLIST_KEY_UIApplicationSupportsIndirectInputEvents = YES;
				INFOPLIST_KEY_UILaunchScreen_Generation = YES;
				INFOPLIST_KEY_UISupportedInterfaceOrientations_iPad = "UIInterfaceOrientationPortrait UIInterfaceOrientationPortraitUpsideDown UIInterfaceOrientationLandscapeLeft UIInterfaceOrientationLandscapeRight";
				INFOPLIST_KEY_UISupportedInterfaceOrientations_iPhone = "UIInterfaceOrientationPortrait UIInterfaceOrientationLandscapeLeft UIInterfaceOrientationLandscapeRight";
				LD_RUNPATH_SEARCH_PATHS = (
					"$(inherited)",
					"@executable_path/Frameworks",
				);
				MARKETING_VERSION = 1.0;
				PRODUCT_BUNDLE_IDENTIFIER = com.tomokisun.GodPreviewApp;
				PRODUCT_NAME = "$(TARGET_NAME)";
				SWIFT_EMIT_LOC_STRINGS = YES;
				SWIFT_VERSION = 5.0;
				TARGETED_DEVICE_FAMILY = "1,2";
			};
			name = Release;
		};
		B7BFE5852A27C78200D1CE6F /* Debug */ = {
			isa = XCBuildConfiguration;
			buildSettings = {
				ALWAYS_SEARCH_USER_PATHS = NO;
				CLANG_ANALYZER_NONNULL = YES;
				CLANG_ANALYZER_NUMBER_OBJECT_CONVERSION = YES_AGGRESSIVE;
				CLANG_CXX_LANGUAGE_STANDARD = "gnu++20";
				CLANG_ENABLE_MODULES = YES;
				CLANG_ENABLE_OBJC_ARC = YES;
				CLANG_ENABLE_OBJC_WEAK = YES;
				CLANG_WARN_BLOCK_CAPTURE_AUTORELEASING = YES;
				CLANG_WARN_BOOL_CONVERSION = YES;
				CLANG_WARN_COMMA = YES;
				CLANG_WARN_CONSTANT_CONVERSION = YES;
				CLANG_WARN_DEPRECATED_OBJC_IMPLEMENTATIONS = YES;
				CLANG_WARN_DIRECT_OBJC_ISA_USAGE = YES_ERROR;
				CLANG_WARN_DOCUMENTATION_COMMENTS = YES;
				CLANG_WARN_EMPTY_BODY = YES;
				CLANG_WARN_ENUM_CONVERSION = YES;
				CLANG_WARN_INFINITE_RECURSION = YES;
				CLANG_WARN_INT_CONVERSION = YES;
				CLANG_WARN_NON_LITERAL_NULL_CONVERSION = YES;
				CLANG_WARN_OBJC_IMPLICIT_RETAIN_SELF = YES;
				CLANG_WARN_OBJC_LITERAL_CONVERSION = YES;
				CLANG_WARN_OBJC_ROOT_CLASS = YES_ERROR;
				CLANG_WARN_QUOTED_INCLUDE_IN_FRAMEWORK_HEADER = YES;
				CLANG_WARN_RANGE_LOOP_ANALYSIS = YES;
				CLANG_WARN_STRICT_PROTOTYPES = YES;
				CLANG_WARN_SUSPICIOUS_MOVE = YES;
				CLANG_WARN_UNGUARDED_AVAILABILITY = YES_AGGRESSIVE;
				CLANG_WARN_UNREACHABLE_CODE = YES;
				CLANG_WARN__DUPLICATE_METHOD_MATCH = YES;
				COPY_PHASE_STRIP = NO;
				DEBUG_INFORMATION_FORMAT = dwarf;
				ENABLE_STRICT_OBJC_MSGSEND = YES;
				ENABLE_TESTABILITY = YES;
				GCC_C_LANGUAGE_STANDARD = gnu11;
				GCC_DYNAMIC_NO_PIC = NO;
				GCC_NO_COMMON_BLOCKS = YES;
				GCC_OPTIMIZATION_LEVEL = 0;
				GCC_PREPROCESSOR_DEFINITIONS = (
					"DEBUG=1",
					"$(inherited)",
				);
				GCC_WARN_64_TO_32_BIT_CONVERSION = YES;
				GCC_WARN_ABOUT_RETURN_TYPE = YES_ERROR;
				GCC_WARN_UNDECLARED_SELECTOR = YES;
				GCC_WARN_UNINITIALIZED_AUTOS = YES_AGGRESSIVE;
				GCC_WARN_UNUSED_FUNCTION = YES;
				GCC_WARN_UNUSED_VARIABLE = YES;
				IPHONEOS_DEPLOYMENT_TARGET = 16.4;
				MTL_ENABLE_DEBUG_INFO = INCLUDE_SOURCE;
				MTL_FAST_MATH = YES;
				ONLY_ACTIVE_ARCH = YES;
				SDKROOT = iphoneos;
				SWIFT_ACTIVE_COMPILATION_CONDITIONS = DEBUG;
				SWIFT_OPTIMIZATION_LEVEL = "-Onone";
			};
			name = Debug;
		};
		B7BFE5862A27C78200D1CE6F /* Release */ = {
			isa = XCBuildConfiguration;
			buildSettings = {
				ALWAYS_SEARCH_USER_PATHS = NO;
				CLANG_ANALYZER_NONNULL = YES;
				CLANG_ANALYZER_NUMBER_OBJECT_CONVERSION = YES_AGGRESSIVE;
				CLANG_CXX_LANGUAGE_STANDARD = "gnu++20";
				CLANG_ENABLE_MODULES = YES;
				CLANG_ENABLE_OBJC_ARC = YES;
				CLANG_ENABLE_OBJC_WEAK = YES;
				CLANG_WARN_BLOCK_CAPTURE_AUTORELEASING = YES;
				CLANG_WARN_BOOL_CONVERSION = YES;
				CLANG_WARN_COMMA = YES;
				CLANG_WARN_CONSTANT_CONVERSION = YES;
				CLANG_WARN_DEPRECATED_OBJC_IMPLEMENTATIONS = YES;
				CLANG_WARN_DIRECT_OBJC_ISA_USAGE = YES_ERROR;
				CLANG_WARN_DOCUMENTATION_COMMENTS = YES;
				CLANG_WARN_EMPTY_BODY = YES;
				CLANG_WARN_ENUM_CONVERSION = YES;
				CLANG_WARN_INFINITE_RECURSION = YES;
				CLANG_WARN_INT_CONVERSION = YES;
				CLANG_WARN_NON_LITERAL_NULL_CONVERSION = YES;
				CLANG_WARN_OBJC_IMPLICIT_RETAIN_SELF = YES;
				CLANG_WARN_OBJC_LITERAL_CONVERSION = YES;
				CLANG_WARN_OBJC_ROOT_CLASS = YES_ERROR;
				CLANG_WARN_QUOTED_INCLUDE_IN_FRAMEWORK_HEADER = YES;
				CLANG_WARN_RANGE_LOOP_ANALYSIS = YES;
				CLANG_WARN_STRICT_PROTOTYPES = YES;
				CLANG_WARN_SUSPICIOUS_MOVE = YES;
				CLANG_WARN_UNGUARDED_AVAILABILITY = YES_AGGRESSIVE;
				CLANG_WARN_UNREACHABLE_CODE = YES;
				CLANG_WARN__DUPLICATE_METHOD_MATCH = YES;
				COPY_PHASE_STRIP = NO;
				DEBUG_INFORMATION_FORMAT = "dwarf-with-dsym";
				ENABLE_NS_ASSERTIONS = NO;
				ENABLE_STRICT_OBJC_MSGSEND = YES;
				GCC_C_LANGUAGE_STANDARD = gnu11;
				GCC_NO_COMMON_BLOCKS = YES;
				GCC_WARN_64_TO_32_BIT_CONVERSION = YES;
				GCC_WARN_ABOUT_RETURN_TYPE = YES_ERROR;
				GCC_WARN_UNDECLARED_SELECTOR = YES;
				GCC_WARN_UNINITIALIZED_AUTOS = YES_AGGRESSIVE;
				GCC_WARN_UNUSED_FUNCTION = YES;
				GCC_WARN_UNUSED_VARIABLE = YES;
				IPHONEOS_DEPLOYMENT_TARGET = 16.4;
				MTL_ENABLE_DEBUG_INFO = NO;
				MTL_FAST_MATH = YES;
				SDKROOT = iphoneos;
				SWIFT_COMPILATION_MODE = wholemodule;
				SWIFT_OPTIMIZATION_LEVEL = "-O";
				VALIDATE_PRODUCT = YES;
			};
			name = Release;
		};
/* End XCBuildConfiguration section */

/* Begin XCConfigurationList section */
		B720CC162A6BC92A0047E3FD /* Build configuration list for PBXNativeTarget "OnboardPreviewApp" */ = {
			isa = XCConfigurationList;
			buildConfigurations = (
				B720CC142A6BC92A0047E3FD /* Debug */,
				B720CC152A6BC92A0047E3FD /* Release */,
			);
			defaultConfigurationIsVisible = 0;
			defaultConfigurationName = Release;
		};
		B720CC2B2A6BEE5A0047E3FD /* Build configuration list for PBXNativeTarget "InboxPreviewApp" */ = {
			isa = XCConfigurationList;
			buildConfigurations = (
				B720CC292A6BEE5A0047E3FD /* Debug */,
				B720CC2A2A6BEE5A0047E3FD /* Release */,
			);
			defaultConfigurationIsVisible = 0;
			defaultConfigurationName = Release;
		};
		B74AA5782A729C080001B612 /* Build configuration list for PBXNativeTarget "GodPreviewApp" */ = {
			isa = XCConfigurationList;
			buildConfigurations = (
				B74AA5762A729C080001B612 /* Debug */,
				B74AA5772A729C080001B612 /* Release */,
			);
			defaultConfigurationIsVisible = 0;
			defaultConfigurationName = Release;
		};
		B7BFE5742A27C78100D1CE6F /* Build configuration list for PBXProject "PreviewApp" */ = {
			isa = XCConfigurationList;
			buildConfigurations = (
				B7BFE5852A27C78200D1CE6F /* Debug */,
				B7BFE5862A27C78200D1CE6F /* Release */,
			);
			defaultConfigurationIsVisible = 0;
			defaultConfigurationName = Release;
		};
/* End XCConfigurationList section */

/* Begin XCSwiftPackageProductDependency section */
		B720CC182A6BC9320047E3FD /* OnboardFeature */ = {
			isa = XCSwiftPackageProductDependency;
			productName = OnboardFeature;
		};
		B720CC2C2A6BEE610047E3FD /* InboxFeature */ = {
			isa = XCSwiftPackageProductDependency;
			productName = InboxFeature;
		};
		B74AA5792A729C200001B612 /* GodFeature */ = {
			isa = XCSwiftPackageProductDependency;
			productName = GodFeature;
		};
/* End XCSwiftPackageProductDependency section */
	};
	rootObject = B7BFE5712A27C78100D1CE6F /* Project object */;
}
