{
  "pins" : [
    {
      "identity" : "swift-argument-parser",
      "kind" : "remoteSourceControl",
      "location" : "https://github.com/apple/swift-argument-parser",
      "state" : {
        "revision" : "fee6933f37fde9a5e12a1e4aeaa93fe60116ff2a",
        "version" : "1.2.2"
      }
    },
    {
      "identity" : "swift-dependencies-graph",
      "kind" : "remoteSourceControl",
      "location" : "https://github.com/Ryu0118/swift-dependencies-graph",
      "state" : {
        "revision" : "d371eb57b95f1f895aa23f8e514485da87bd97cc",
        "version" : "0.0.2"
      }
    }
  ],
  "version" : 2
}
