{
  "pins" : [
    {
      "identity" : "swift-argument-parser",
      "kind" : "remoteSourceControl",
      "location" : "https://github.com/apple/swift-argument-parser",
      "state" : {
        "revision" : "fee6933f37fde9a5e12a1e4aeaa93fe60116ff2a",
        "version" : "1.2.2"
      }
    },
    {
      "identity" : "swift-dependencies-graph",
      "kind" : "remoteSourceControl",
      "location" : "https://github.com/tomokisun/swift-dependencies-graph",
      "state" : {
        "branch" : "include-product",
        "revision" : "2c52c2c16459e7e03a4e7c317908c9e059c94a2c"
      }
    }
  ],
  "version" : 2
}
